
Microsoft Visual Studio Solution File, Format Version 12.00
Project("{FAE04EC0-301F-11D3-BF4B-00C04F79EFBC}") = "CRUD_Api", "CRUD_Api\CRUD_Api.csproj", "{EF9BF21C-9E6B-40FF-B702-D8F5C2CBDDB5}"
EndProject
Global
	GlobalSection(SolutionConfigurationPlatforms) = preSolution
		Debug|Any CPU = Debug|Any CPU
		Release|Any CPU = Release|Any CPU
	EndGlobalSection
	GlobalSection(ProjectConfigurationPlatforms) = postSolution
		{EF9BF21C-9E6B-40FF-B702-D8F5C2CBDDB5}.Debug|Any CPU.ActiveCfg = Debug|Any CPU
		{EF9BF21C-9E6B-40FF-B702-D8F5C2CBDDB5}.Debug|Any CPU.Build.0 = Debug|Any CPU
		{EF9BF21C-9E6B-40FF-B702-D8F5C2CBDDB5}.Release|Any CPU.ActiveCfg = Release|Any CPU
		{EF9BF21C-9E6B-40FF-B702-D8F5C2CBDDB5}.Release|Any CPU.Build.0 = Release|Any CPU
	EndGlobalSection
EndGlobal
